# THIS IS AN AUTOGENERATED FILE. DO NOT EDIT THIS FILE DIRECTLY.
# yarn lockfile v1


dayjs@^1.10.6:
  version "1.10.6"
  resolved "https://registry.nlark.com/dayjs/download/dayjs-1.10.6.tgz?cache=0&sync_timestamp=1625557417200&other_urls=https%3A%2F%2Fregistry.nlark.com%2Fdayjs%2Fdownload%2Fdayjs-1.10.6.tgz#288b2aa82f2d8418a6c9d4df5898c0737ad02a63"
  integrity sha1-KIsqqC8thBimydTfWJjAc3rQKmM=

fsevents@~2.3.2:
  version "2.3.2"
  resolved "https://registry.nlark.com/fsevents/download/fsevents-2.3.2.tgz#8a526f78b8fdf4623b709e0b975c52c24c02fd1a"
  integrity sha1-ilJveLj99GI7cJ4Ll1xSwkwC/Ro=

rollup@^2.56.2:
  version "2.56.2"
  resolved "https://registry.nlark.com/rollup/download/rollup-2.56.2.tgz#a045ff3f6af53ee009b5f5016ca3da0329e5470f"
  integrity sha1-oEX/P2r1PuAJtfUBbKPaAynlRw8=
  optionalDependencies:
    fsevents "~2.3.2"
